
Microsoft Visual Studio Solution File, Format Version 12.00
# Visual Studio Version 17
VisualStudioVersion = 17.12.35209.166
MinimumVisualStudioVersion = 10.0.40219.1
Project("{FAE04EC0-301F-11D3-BF4B-00C04F79EFBC}") = "ANewBook_Project", "ANewBook_Project\ANewBook_Project.csproj", "{C5A33626-B135-40F6-AE5C-558023ACD931}"
EndProject
Global
	GlobalSection(SolutionConfigurationPlatforms) = preSolution
		Debug|Any CPU = Debug|Any CPU
		Release|Any CPU = Release|Any CPU
	EndGlobalSection
	GlobalSection(ProjectConfigurationPlatforms) = postSolution
		{C5A33626-B135-40F6-AE5C-558023ACD931}.Debug|Any CPU.ActiveCfg = Debug|Any CPU
		{C5A33626-B135-40F6-AE5C-558023ACD931}.Debug|Any CPU.Build.0 = Debug|Any CPU
		{C5A33626-B135-40F6-AE5C-558023ACD931}.Release|Any CPU.ActiveCfg = Release|Any CPU
		{C5A33626-B135-40F6-AE5C-558023ACD931}.Release|Any CPU.Build.0 = Release|Any CPU
	EndGlobalSection
	GlobalSection(SolutionProperties) = preSolution
		HideSolutionNode = FALSE
	EndGlobalSection
	GlobalSection(ExtensibilityGlobals) = postSolution
		SolutionGuid = {50DA7224-86CE-44F0-B5B2-6D9CCA49CCCD}
	EndGlobalSection
EndGlobal
